PODS:
  - AppAuth (1.6.0):
    - AppAuth/Core (= 1.6.0)
    - AppAuth/ExternalUserAgent (= 1.6.0)
  - AppAuth/Core (1.6.0)
  - AppAuth/ExternalUserAgent (1.6.0):
    - AppAuth/Core
  - audio_session (0.0.1):
    - Flutter
  - connectivity (0.0.1):
    - Flutter
    - Reachability
  - FBAEMKit (14.1.0):
    - FBSDKCoreKit_Basics (= 14.1.0)
  - FBSDKCoreKit (14.1.0):
    - FBAEMKit (= 14.1.0)
    - FBSDKCoreKit_Basics (= 14.1.0)
  - FBSDKCoreKit_Basics (14.1.0)
  - FBSDKLoginKit (14.1.0):
    - FBSDKCoreKit (= 14.1.0)
  - Firebase/Auth (9.5.0):
    - Firebase/CoreOnly
    - FirebaseAuth (~> 9.5.0)
  - Firebase/CoreOnly (9.5.0):
    - FirebaseCore (= 9.5.0)
  - Firebase/Messaging (9.5.0):
    - Firebase/CoreOnly
    - FirebaseMessaging (~> 9.5.0)
  - firebase_auth (3.9.0):
    - Firebase/Auth (= 9.5.0)
    - firebase_core
    - Flutter
  - firebase_core (1.22.0):
    - Firebase/CoreOnly (= 9.5.0)
    - Flutter
  - firebase_messaging (11.4.4):
    - Firebase/Messaging (= 9.5.0)
    - firebase_core
    - Flutter
  - FirebaseAuth (9.5.0):
    - FirebaseCore (~> 9.0)
    - GoogleUtilities/AppDelegateSwizzler (~> 7.7)
    - GoogleUtilities/Environment (~> 7.7)
    - GTMSessionFetcher/Core (< 3.0, >= 1.7)
  - FirebaseCore (9.5.0):
    - FirebaseCoreDiagnostics (~> 9.0)
    - FirebaseCoreInternal (~> 9.0)
    - GoogleUtilities/Environment (~> 7.7)
    - GoogleUtilities/Logger (~> 7.7)
  - FirebaseCoreDiagnostics (9.6.0):
    - GoogleDataTransport (< 10.0.0, >= 9.1.4)
    - GoogleUtilities/Environment (~> 7.7)
    - GoogleUtilities/Logger (~> 7.7)
    - nanopb (< 2.30910.0, >= 2.30908.0)
  - FirebaseCoreInternal (9.6.0):
    - "GoogleUtilities/NSData+zlib (~> 7.7)"
  - FirebaseInstallations (9.6.0):
    - FirebaseCore (~> 9.0)
    - GoogleUtilities/Environment (~> 7.7)
    - GoogleUtilities/UserDefaults (~> 7.7)
    - PromisesObjC (~> 2.1)
  - FirebaseMessaging (9.5.0):
    - FirebaseCore (~> 9.0)
    - FirebaseInstallations (~> 9.0)
    - GoogleDataTransport (< 10.0.0, >= 9.1.4)
    - GoogleUtilities/AppDelegateSwizzler (~> 7.7)
    - GoogleUtilities/Environment (~> 7.7)
    - GoogleUtilities/Reachability (~> 7.7)
    - GoogleUtilities/UserDefaults (~> 7.7)
    - nanopb (< 2.30910.0, >= 2.30908.0)
  - Flutter (1.0.0)
  - flutter_facebook_auth (4.4.1):
    - FBSDKLoginKit (= 14.1.0)
    - Flutter
  - flutter_keyboard_visibility (0.0.1):
    - Flutter
  - flutter_local_notifications (0.0.1):
    - Flutter
  - fluttertoast (0.0.2):
    - Flutter
    - Toast
  - FMDB (2.7.5):
    - FMDB/standard (= 2.7.5)
  - FMDB/standard (2.7.5)
  - geocoding (1.0.5):
    - Flutter
  - geolocator_apple (1.2.0):
    - Flutter
  - google_maps_flutter_ios (0.0.1):
    - Flutter
    - GoogleMaps
  - google_sign_in_ios (0.0.1):
    - Flutter
    - GoogleSignIn (~> 6.2)
  - GoogleDataTransport (9.2.0):
    - GoogleUtilities/Environment (~> 7.7)
    - nanopb (< 2.30910.0, >= 2.30908.0)
    - PromisesObjC (< 3.0, >= 1.2)
  - GoogleMaps (6.2.1):
    - GoogleMaps/Maps (= 6.2.1)
  - GoogleMaps/Base (6.2.1)
  - GoogleMaps/Maps (6.2.1):
    - GoogleMaps/Base
  - GoogleSignIn (6.2.4):
    - AppAuth (~> 1.5)
    - GTMAppAuth (~> 1.3)
    - GTMSessionFetcher/Core (< 3.0, >= 1.1)
  - GoogleUtilities/AppDelegateSwizzler (7.8.0):
    - GoogleUtilities/Environment
    - GoogleUtilities/Logger
    - GoogleUtilities/Network
  - GoogleUtilities/Environment (7.8.0):
    - PromisesObjC (< 3.0, >= 1.2)
  - GoogleUtilities/Logger (7.8.0):
    - GoogleUtilities/Environment
  - GoogleUtilities/Network (7.8.0):
    - GoogleUtilities/Logger
    - "GoogleUtilities/NSData+zlib"
    - GoogleUtilities/Reachability
  - "GoogleUtilities/NSData+zlib (7.8.0)"
  - GoogleUtilities/Reachability (7.8.0):
    - GoogleUtilities/Logger
  - GoogleUtilities/UserDefaults (7.8.0):
    - GoogleUtilities/Logger
  - GTMAppAuth (1.3.1):
    - AppAuth/Core (~> 1.6)
    - GTMSessionFetcher/Core (< 3.0, >= 1.5)
  - GTMSessionFetcher/Core (2.1.0)
  - image_picker_ios (0.0.1):
    - Flutter
  - just_audio (0.0.1):
    - Flutter
  - nanopb (2.30909.0):
    - nanopb/decode (= 2.30909.0)
    - nanopb/encode (= 2.30909.0)
  - nanopb/decode (2.30909.0)
  - nanopb/encode (2.30909.0)
  - package_info (0.0.1):
    - Flutter
  - package_info_plus (0.4.5):
    - Flutter
  - path_provider_ios (0.0.1):
    - Flutter
  - permission_handler_apple (9.0.4):
    - Flutter
  - phone_number (0.12.0):
    - Flutter
    - PhoneNumberKit/PhoneNumberKitCore (= 3.3.4)
  - PhoneNumberKit/PhoneNumberKitCore (3.3.4)
  - PromisesObjC (2.1.1)
  - Reachability (3.2)
  - share (0.0.1):
    - Flutter
  - shared_preferences_ios (0.0.1):
    - Flutter
  - sqflite (0.0.2):
    - Flutter
    - FMDB (>= 2.7.5)
  - Toast (4.0.0)
  - url_launcher_ios (0.0.1):
    - Flutter
  - video_player_avfoundation (0.0.1):
    - Flutter
  - wakelock (0.0.1):
    - Flutter
  - webview_flutter_wkwebview (0.0.1):
    - Flutter

DEPENDENCIES:
  - audio_session (from `.symlinks/plugins/audio_session/ios`)
  - connectivity (from `.symlinks/plugins/connectivity/ios`)
  - firebase_auth (from `.symlinks/plugins/firebase_auth/ios`)
  - firebase_core (from `.symlinks/plugins/firebase_core/ios`)
  - firebase_messaging (from `.symlinks/plugins/firebase_messaging/ios`)
  - Flutter (from `Flutter`)
  - flutter_facebook_auth (from `.symlinks/plugins/flutter_facebook_auth/ios`)
  - flutter_keyboard_visibility (from `.symlinks/plugins/flutter_keyboard_visibility/ios`)
  - flutter_local_notifications (from `.symlinks/plugins/flutter_local_notifications/ios`)
  - fluttertoast (from `.symlinks/plugins/fluttertoast/ios`)
  - geocoding (from `.symlinks/plugins/geocoding/ios`)
  - geolocator_apple (from `.symlinks/plugins/geolocator_apple/ios`)
  - google_maps_flutter_ios (from `.symlinks/plugins/google_maps_flutter_ios/ios`)
  - google_sign_in_ios (from `.symlinks/plugins/google_sign_in_ios/ios`)
  - image_picker_ios (from `.symlinks/plugins/image_picker_ios/ios`)
  - just_audio (from `.symlinks/plugins/just_audio/ios`)
  - package_info (from `.symlinks/plugins/package_info/ios`)
  - package_info_plus (from `.symlinks/plugins/package_info_plus/ios`)
  - path_provider_ios (from `.symlinks/plugins/path_provider_ios/ios`)
  - permission_handler_apple (from `.symlinks/plugins/permission_handler_apple/ios`)
  - phone_number (from `.symlinks/plugins/phone_number/ios`)
  - share (from `.symlinks/plugins/share/ios`)
  - shared_preferences_ios (from `.symlinks/plugins/shared_preferences_ios/ios`)
  - sqflite (from `.symlinks/plugins/sqflite/ios`)
  - url_launcher_ios (from `.symlinks/plugins/url_launcher_ios/ios`)
  - video_player_avfoundation (from `.symlinks/plugins/video_player_avfoundation/ios`)
  - wakelock (from `.symlinks/plugins/wakelock/ios`)
  - webview_flutter_wkwebview (from `.symlinks/plugins/webview_flutter_wkwebview/ios`)

SPEC REPOS:
  trunk:
    - AppAuth
    - FBAEMKit
    - FBSDKCoreKit
    - FBSDKCoreKit_Basics
    - FBSDKLoginKit
    - Firebase
    - FirebaseAuth
    - FirebaseCore
    - FirebaseCoreDiagnostics
    - FirebaseCoreInternal
    - FirebaseInstallations
    - FirebaseMessaging
    - FMDB
    - GoogleDataTransport
    - GoogleMaps
    - GoogleSignIn
    - GoogleUtilities
    - GTMAppAuth
    - GTMSessionFetcher
    - nanopb
    - PhoneNumberKit
    - PromisesObjC
    - Reachability
    - Toast

EXTERNAL SOURCES:
  audio_session:
    :path: ".symlinks/plugins/audio_session/ios"
  connectivity:
    :path: ".symlinks/plugins/connectivity/ios"
  firebase_auth:
    :path: ".symlinks/plugins/firebase_auth/ios"
  firebase_core:
    :path: ".symlinks/plugins/firebase_core/ios"
  firebase_messaging:
    :path: ".symlinks/plugins/firebase_messaging/ios"
  Flutter:
    :path: Flutter
  flutter_facebook_auth:
    :path: ".symlinks/plugins/flutter_facebook_auth/ios"
  flutter_keyboard_visibility:
    :path: ".symlinks/plugins/flutter_keyboard_visibility/ios"
  flutter_local_notifications:
    :path: ".symlinks/plugins/flutter_local_notifications/ios"
  fluttertoast:
    :path: ".symlinks/plugins/fluttertoast/ios"
  geocoding:
    :path: ".symlinks/plugins/geocoding/ios"
  geolocator_apple:
    :path: ".symlinks/plugins/geolocator_apple/ios"
  google_maps_flutter_ios:
    :path: ".symlinks/plugins/google_maps_flutter_ios/ios"
  google_sign_in_ios:
    :path: ".symlinks/plugins/google_sign_in_ios/ios"
  image_picker_ios:
    :path: ".symlinks/plugins/image_picker_ios/ios"
  just_audio:
    :path: ".symlinks/plugins/just_audio/ios"
  package_info:
    :path: ".symlinks/plugins/package_info/ios"
  package_info_plus:
    :path: ".symlinks/plugins/package_info_plus/ios"
  path_provider_ios:
    :path: ".symlinks/plugins/path_provider_ios/ios"
  permission_handler_apple:
    :path: ".symlinks/plugins/permission_handler_apple/ios"
  phone_number:
    :path: ".symlinks/plugins/phone_number/ios"
  share:
    :path: ".symlinks/plugins/share/ios"
  shared_preferences_ios:
    :path: ".symlinks/plugins/shared_preferences_ios/ios"
  sqflite:
    :path: ".symlinks/plugins/sqflite/ios"
  url_launcher_ios:
    :path: ".symlinks/plugins/url_launcher_ios/ios"
  video_player_avfoundation:
    :path: ".symlinks/plugins/video_player_avfoundation/ios"
  wakelock:
    :path: ".symlinks/plugins/wakelock/ios"
  webview_flutter_wkwebview:
    :path: ".symlinks/plugins/webview_flutter_wkwebview/ios"

SPEC CHECKSUMS:
  AppAuth: 8fca6b5563a5baef2c04bee27538025e4ceb2add
  audio_session: 4f3e461722055d21515cf3261b64c973c062f345
  connectivity: c4130b2985d4ef6fd26f9702e886bd5260681467
  FBAEMKit: a899515e45476027f73aef377b5cffadcd56ca3a
  FBSDKCoreKit: 24f8bc8d3b5b2a8c5c656a1329492a12e8efa792
  FBSDKCoreKit_Basics: 6e578c9bdc7aa1365dbbbde633c9ebb536bcaa98
  FBSDKLoginKit: 787de205d524c3a4b17d527916f1d066e4361660
  Firebase: 800f16f07af493d98d017446a315c27af0552f41
  firebase_auth: c070c7e5b66037cddb73a68ca4bf4728b063680b
  firebase_core: 31872a49ffe0bf6f834e7044c7334e433536735a
  firebase_messaging: 5180a2b828b1997ea70b7e7d14c0bcefa14938b7
  FirebaseAuth: 741918f1fa62ed23246a509279f91d42d79a713f
  FirebaseCore: 25c0400b670fd1e2f2104349cd3b5dcce8d9418f
  FirebaseCoreDiagnostics: 99a495094b10a57eeb3ae8efa1665700ad0bdaa6
  FirebaseCoreInternal: bca76517fe1ed381e989f5e7d8abb0da8d85bed3
  FirebaseInstallations: 0a115432c4e223c5ab20b0dbbe4cbefa793a0e8e
  FirebaseMessaging: 732623518591384f61c287e3d8f65294beb7ffb3
  Flutter: 50d75fe2f02b26cc09d224853bb45737f8b3214a
  flutter_facebook_auth: 361ac7a57263ebf327f26089507ead0d66558ee8
  flutter_keyboard_visibility: 0339d06371254c3eb25eeb90ba8d17dca8f9c069
  flutter_local_notifications: 0c0b1ae97e741e1521e4c1629a459d04b9aec743
  fluttertoast: 16fbe6039d06a763f3533670197d01fc73459037
  FMDB: 2ce00b547f966261cd18927a3ddb07cb6f3db82a
  geocoding: 32cfcdb16d38d907caaba65e2e42ad10d38bee58
  geolocator_apple: cc556e6844d508c95df1e87e3ea6fa4e58c50401
  google_maps_flutter_ios: 66201f392bf62d500f07670a30488a247b9bb5b9
  google_sign_in_ios: 4f85eb9f937450765c8573bb85fd8cd6a5af675c
  GoogleDataTransport: 1c8145da7117bd68bbbed00cf304edb6a24de00f
  GoogleMaps: 20d7b12be49a14287f797e88e0e31bc4156aaeb4
  GoogleSignIn: 5651ce3a61e56ca864160e79b484cd9ed3f49b7a
  GoogleUtilities: 1d20a6ad97ef46f67bbdec158ce00563a671ebb7
  GTMAppAuth: 0ff230db599948a9ad7470ca667337803b3fc4dd
  GTMSessionFetcher: ffbb25ec00ebcb5201adab0a56d808f6f1902d9f
  image_picker_ios: b786a5dcf033a8336a657191401bfdf12017dabb
  just_audio: baa7252489dbcf47a4c7cc9ca663e9661c99aafa
  nanopb: b552cce312b6c8484180ef47159bc0f65a1f0431
  package_info: 873975fc26034f0b863a300ad47e7f1ac6c7ec62
  package_info_plus: 6c92f08e1f853dc01228d6f553146438dafcd14e
  path_provider_ios: 14f3d2fd28c4fdb42f44e0f751d12861c43cee02
  permission_handler_apple: 44366e37eaf29454a1e7b1b7d736c2cceaeb17ce
  phone_number: 7e56d6e4e43fbe37507512a3aab3f11cf082af69
  PhoneNumberKit: 441e8b26ec88d598e3591de9061eff18f5dd12e8
  PromisesObjC: ab77feca74fa2823e7af4249b8326368e61014cb
  Reachability: 33e18b67625424e47b6cde6d202dce689ad7af96
  share: 0b2c3e82132f5888bccca3351c504d0003b3b410
  shared_preferences_ios: 548a61f8053b9b8a49ac19c1ffbc8b92c50d68ad
  sqflite: 6d358c025f5b867b29ed92fc697fd34924e11904
  Toast: 91b396c56ee72a5790816f40d3a94dd357abc196
  url_launcher_ios: 839c58cdb4279282219f5e248c3321761ff3c4de
  video_player_avfoundation: e489aac24ef5cf7af82702979ed16f2a5ef84cff
  wakelock: d0fc7c864128eac40eba1617cb5264d9c940b46f
  webview_flutter_wkwebview: b7e70ef1ddded7e69c796c7390ee74180182971f

PODFILE CHECKSUM: aa7478eb1b7e889af4b325531b624821999b822d

COCOAPODS: 1.11.3
